// !$*UTF8*$!
{
	archiveVersion = 1;
	classes = {
	};
	objectVersion = 77;
	objects = {

/* Begin PBXContainerItemProxy section */
		223AEFE32C701ECD0042DFCA /* PBXContainerItemProxy */ = {
			isa = PBXContainerItemProxy;
			containerPortal = 223AEFCA2C701ECB0042DFCA /* Project object */;
			proxyType = 1;
			remoteGlobalIDString = 223AEFD12C701ECB0042DFCA;
			remoteInfo = "Meal DB";
		};
		223AEFED2C701ECD0042DFCA /* PBXContainerItemProxy */ = {
			isa = PBXContainerItemProxy;
			containerPortal = 223AEFCA2C701ECB0042DFCA /* Project object */;
			proxyType = 1;
			remoteGlobalIDString = 223AEFD12C701ECB0042DFCA;
			remoteInfo = "Meal DB";
		};
/* End PBXContainerItemProxy section */

/* Begin PBXFileReference section */
		223AEFD22C701ECB0042DFCA /* Meal DB.app */ = {isa = PBXFileReference; explicitFileType = wrapper.application; includeInIndex = 0; path = "Meal DB.app"; sourceTree = BUILT_PRODUCTS_DIR; };
		223AEFE22C701ECD0042DFCA /* Meal DBTests.xctest */ = {isa = PBXFileReference; explicitFileType = wrapper.cfbundle; includeInIndex = 0; path = "Meal DBTests.xctest"; sourceTree = BUILT_PRODUCTS_DIR; };
		223AEFEC2C701ECD0042DFCA /* Meal DBUITests.xctest */ = {isa = PBXFileReference; explicitFileType = wrapper.cfbundle; includeInIndex = 0; path = "Meal DBUITests.xctest"; sourceTree = BUILT_PRODUCTS_DIR; };
/* End PBXFileReference section */

/* Begin PBXFileSystemSynchronizedRootGroup section */
		223AEFD42C701ECB0042DFCA /* Meal DB */ = {
			isa = PBXFileSystemSynchronizedRootGroup;
			path = "Meal DB";
			sourceTree = "<group>";
		};
		223AEFE52C701ECD0042DFCA /* Meal DBTests */ = {
			isa = PBXFileSystemSynchronizedRootGroup;
			path = "Meal DBTests";
			sourceTree = "<group>";
		};
		223AEFEF2C701ECD0042DFCA /* Meal DBUITests */ = {
			isa = PBXFileSystemSynchronizedRootGroup;
			path = "Meal DBUITests";
			sourceTree = "<group>";
		};
/* End PBXFileSystemSynchronizedRootGroup section */

/* Begin PBXFrameworksBuildPhase section */
		223AEFCF2C701ECB0042DFCA /* Frameworks */ = {
			isa = PBXFrameworksBuildPhase;
			buildActionMask = 2147483647;
			files = (
			);
			runOnlyForDeploymentPostprocessing = 0;
		};
		223AEFDF2C701ECD0042DFCA /* Frameworks */ = {
			isa = PBXFrameworksBuildPhase;
			buildActionMask = 2147483647;
			files = (
			);
			runOnlyForDeploymentPostprocessing = 0;
		};
		223AEFE92C701ECD0042DFCA /* Frameworks */ = {
			isa = PBXFrameworksBuildPhase;
			buildActionMask = 2147483647;
			files = (
			);
			runOnlyForDeploymentPostprocessing = 0;
		};
/* End PBXFrameworksBuildPhase section */

/* Begin PBXGroup section */
		223AEFC92C701ECB0042DFCA = {
			isa = PBXGroup;
			children = (
				223AEFD42C701ECB0042DFCA /* Meal DB */,
				223AEFE52C701ECD0042DFCA /* Meal DBTests */,
				223AEFEF2C701ECD0042DFCA /* Meal DBUITests */,
				223AEFD32C701ECB0042DFCA /* Products */,
			);
			sourceTree = "<group>";
		};
		223AEFD32C701ECB0042DFCA /* Products */ = {
			isa = PBXGroup;
			children = (
				223AEFD22C701ECB0042DFCA /* Meal DB.app */,
				223AEFE22C701ECD0042DFCA /* Meal DBTests.xctest */,
				223AEFEC2C701ECD0042DFCA /* Meal DBUITests.xctest */,
			);
			name = Products;
			sourceTree = "<group>";
		};
/* End PBXGroup section */

/* Begin PBXNativeTarget section */
		223AEFD12C701ECB0042DFCA /* Meal DB */ = {
			isa = PBXNativeTarget;
			buildConfigurationList = 223AEFF62C701ECD0042DFCA /* Build configuration list for PBXNativeTarget "Meal DB" */;
			buildPhases = (
				223AEFCE2C701ECB0042DFCA /* Sources */,
				223AEFCF2C701ECB0042DFCA /* Frameworks */,
				223AEFD02C701ECB0042DFCA /* Resources */,
			);
			buildRules = (
			);
			dependencies = (
			);
			fileSystemSynchronizedGroups = (
				223AEFD42C701ECB0042DFCA /* Meal DB */,
			);
			name = "Meal DB";
			packageProductDependencies = (
			);
			productName = "Meal DB";
			productReference = 223AEFD22C701ECB0042DFCA /* Meal DB.app */;
			productType = "com.apple.product-type.application";
		};
		223AEFE12C701ECD0042DFCA /* Meal DBTests */ = {
			isa = PBXNativeTarget;
			buildConfigurationList = 223AEFF92C701ECD0042DFCA /* Build configuration list for PBXNativeTarget "Meal DBTests" */;
			buildPhases = (
				223AEFDE2C701ECD0042DFCA /* Sources */,
				223AEFDF2C701ECD0042DFCA /* Frameworks */,
				223AEFE02C701ECD0042DFCA /* Resources */,
			);
			buildRules = (
			);
			dependencies = (
				223AEFE42C701ECD0042DFCA /* PBXTargetDependency */,
			);
			fileSystemSynchronizedGroups = (
				223AEFE52C701ECD0042DFCA /* Meal DBTests */,
			);
			name = "Meal DBTests";
			packageProductDependencies = (
			);
			productName = "Meal DBTests";
			productReference = 223AEFE22C701ECD0042DFCA /* Meal DBTests.xctest */;
			productType = "com.apple.product-type.bundle.unit-test";
		};
		223AEFEB2C701ECD0042DFCA /* Meal DBUITests */ = {
			isa = PBXNativeTarget;
			buildConfigurationList = 223AEFFC2C701ECD0042DFCA /* Build configuration list for PBXNativeTarget "Meal DBUITests" */;
			buildPhases = (
				223AEFE82C701ECD0042DFCA /* Sources */,
				223AEFE92C701ECD0042DFCA /* Frameworks */,
				223AEFEA2C701ECD0042DFCA /* Resources */,
			);
			buildRules = (
			);
			dependencies = (
				223AEFEE2C701ECD0042DFCA /* PBXTargetDependency */,
			);
			fileSystemSynchronizedGroups = (
				223AEFEF2C701ECD0042DFCA /* Meal DBUITests */,
			);
			name = "Meal DBUITests";
			packageProductDependencies = (
			);
			productName = "Meal DBUITests";
			productReference = 223AEFEC2C701ECD0042DFCA /* Meal DBUITests.xctest */;
			productType = "com.apple.product-type.bundle.ui-testing";
		};
/* End PBXNativeTarget section */

/* Begin PBXProject section */
		223AEFCA2C701ECB0042DFCA /* Project object */ = {
			isa = PBXProject;
			attributes = {
				BuildIndependentTargetsInParallel = 1;
				LastSwiftUpdateCheck = 1600;
				LastUpgradeCheck = 1600;
				TargetAttributes = {
					223AEFD12C701ECB0042DFCA = {
						CreatedOnToolsVersion = 16.0;
					};
					223AEFE12C701ECD0042DFCA = {
						CreatedOnToolsVersion = 16.0;
						TestTargetID = 223AEFD12C701ECB0042DFCA;
					};
					223AEFEB2C701ECD0042DFCA = {
						CreatedOnToolsVersion = 16.0;
						TestTargetID = 223AEFD12C701ECB0042DFCA;
					};
				};
			};
			buildConfigurationList = 223AEFCD2C701ECB0042DFCA /* Build configuration list for PBXProject "Meal DB" */;
			developmentRegion = en;
			hasScannedForEncodings = 0;
			knownRegions = (
				en,
				Base,
			);
			mainGroup = 223AEFC92C701ECB0042DFCA;
			minimizedProjectReferenceProxies = 1;
			preferredProjectObjectVersion = 77;
			productRefGroup = 223AEFD32C701ECB0042DFCA /* Products */;
			projectDirPath = "";
			projectRoot = "";
			targets = (
				223AEFD12C701ECB0042DFCA /* Meal DB */,
				223AEFE12C701ECD0042DFCA /* Meal DBTests */,
				223AEFEB2C701ECD0042DFCA /* Meal DBUITests */,
			);
		};
/* End PBXProject section */

/* Begin PBXResourcesBuildPhase section */
		223AEFD02C701ECB0042DFCA /* Resources */ = {
			isa = PBXResourcesBuildPhase;
			buildActionMask = 2147483647;
			files = (
			);
			runOnlyForDeploymentPostprocessing = 0;
		};
		223AEFE02C701ECD0042DFCA /* Resources */ = {
			isa = PBXResourcesBuildPhase;
			buildActionMask = 2147483647;
			files = (
			);
			runOnlyForDeploymentPostprocessing = 0;
		};
		223AEFEA2C701ECD0042DFCA /* Resources */ = {
			isa = PBXResourcesBuildPhase;
			buildActionMask = 2147483647;
			files = (
			);
			runOnlyForDeploymentPostprocessing = 0;
		};
/* End PBXResourcesBuildPhase section */

/* Begin PBXSourcesBuildPhase section */
		223AEFCE2C701ECB0042DFCA /* Sources */ = {
			isa = PBXSourcesBuildPhase;
			buildActionMask = 2147483647;
			files = (
			);
			runOnlyForDeploymentPostprocessing = 0;
		};
		223AEFDE2C701ECD0042DFCA /* Sources */ = {
			isa = PBXSourcesBuildPhase;
			buildActionMask = 2147483647;
			files = (
			);
			runOnlyForDeploymentPostprocessing = 0;
		};
		223AEFE82C701ECD0042DFCA /* Sources */ = {
			isa = PBXSourcesBuildPhase;
			buildActionMask = 2147483647;
			files = (
			);
			runOnlyForDeploymentPostprocessing = 0;
		};
/* End PBXSourcesBuildPhase section */

/* Begin PBXTargetDependency section */
		223AEFE42C701ECD0042DFCA /* PBXTargetDependency */ = {
			isa = PBXTargetDependency;
			target = 223AEFD12C701ECB0042DFCA /* Meal DB */;
			targetProxy = 223AEFE32C701ECD0042DFCA /* PBXContainerItemProxy */;
		};
		223AEFEE2C701ECD0042DFCA /* PBXTargetDependency */ = {
			isa = PBXTargetDependency;
			target = 223AEFD12C701ECB0042DFCA /* Meal DB */;
			targetProxy = 223AEFED2C701ECD0042DFCA /* PBXContainerItemProxy */;
		};
/* End PBXTargetDependency section */

/* Begin XCBuildConfiguration section */
		223AEFF42C701ECD0042DFCA /* Debug */ = {
			isa = XCBuildConfiguration;
			buildSettings = {
				ALWAYS_SEARCH_USER_PATHS = NO;
				ASSETCATALOG_COMPILER_GENERATE_SWIFT_ASSET_SYMBOL_EXTENSIONS = YES;
				CLANG_ANALYZER_NONNULL = YES;
				CLANG_ANALYZER_NUMBER_OBJECT_CONVERSION = YES_AGGRESSIVE;
				CLANG_CXX_LANGUAGE_STANDARD = "gnu++20";
				CLANG_ENABLE_MODULES = YES;
				CLANG_ENABLE_OBJC_ARC = YES;
				CLANG_ENABLE_OBJC_WEAK = YES;
				CLANG_WARN_BLOCK_CAPTURE_AUTORELEASING = YES;
				CLANG_WARN_BOOL_CONVERSION = YES;
				CLANG_WARN_COMMA = YES;
				CLANG_WARN_CONSTANT_CONVERSION = YES;
				CLANG_WARN_DEPRECATED_OBJC_IMPLEMENTATIONS = YES;
				CLANG_WARN_DIRECT_OBJC_ISA_USAGE = YES_ERROR;
				CLANG_WARN_DOCUMENTATION_COMMENTS = YES;
				CLANG_WARN_EMPTY_BODY = YES;
				CLANG_WARN_ENUM_CONVERSION = YES;
				CLANG_WARN_INFINITE_RECURSION = YES;
				CLANG_WARN_INT_CONVERSION = YES;
				CLANG_WARN_NON_LITERAL_NULL_CONVERSION = YES;
				CLANG_WARN_OBJC_IMPLICIT_RETAIN_SELF = YES;
				CLANG_WARN_OBJC_LITERAL_CONVERSION = YES;
				CLANG_WARN_OBJC_ROOT_CLASS = YES_ERROR;
				CLANG_WARN_QUOTED_INCLUDE_IN_FRAMEWORK_HEADER = YES;
				CLANG_WARN_RANGE_LOOP_ANALYSIS = YES;
				CLANG_WARN_STRICT_PROTOTYPES = YES;
				CLANG_WARN_SUSPICIOUS_MOVE = YES;
				CLANG_WARN_UNGUARDED_AVAILABILITY = YES_AGGRESSIVE;
				CLANG_WARN_UNREACHABLE_CODE = YES;
				CLANG_WARN__DUPLICATE_METHOD_MATCH = YES;
				COPY_PHASE_STRIP = NO;
				DEBUG_INFORMATION_FORMAT = dwarf;
				ENABLE_STRICT_OBJC_MSGSEND = YES;
				ENABLE_TESTABILITY = YES;
				ENABLE_USER_SCRIPT_SANDBOXING = YES;
				GCC_C_LANGUAGE_STANDARD = gnu17;
				GCC_DYNAMIC_NO_PIC = NO;
				GCC_NO_COMMON_BLOCKS = YES;
				GCC_OPTIMIZATION_LEVEL = 0;
				GCC_PREPROCESSOR_DEFINITIONS = (
					"DEBUG=1",
					"$(inherited)",
				);
				GCC_WARN_64_TO_32_BIT_CONVERSION = YES;
				GCC_WARN_ABOUT_RETURN_TYPE = YES_ERROR;
				GCC_WARN_UNDECLARED_SELECTOR = YES;
				GCC_WARN_UNINITIALIZED_AUTOS = YES_AGGRESSIVE;
				GCC_WARN_UNUSED_FUNCTION = YES;
				GCC_WARN_UNUSED_VARIABLE = YES;
				IPHONEOS_DEPLOYMENT_TARGET = 18.0;
				LOCALIZATION_PREFERS_STRING_CATALOGS = YES;
				MTL_ENABLE_DEBUG_INFO = INCLUDE_SOURCE;
				MTL_FAST_MATH = YES;
				ONLY_ACTIVE_ARCH = YES;
				SDKROOT = iphoneos;
				SWIFT_ACTIVE_COMPILATION_CONDITIONS = "DEBUG $(inherited)";
				SWIFT_OPTIMIZATION_LEVEL = "-Onone";
			};
			name = Debug;
		};
		223AEFF52C701ECD0042DFCA /* Release */ = {
			isa = XCBuildConfiguration;
			buildSettings = {
				ALWAYS_SEARCH_USER_PATHS = NO;
				ASSETCATALOG_COMPILER_GENERATE_SWIFT_ASSET_SYMBOL_EXTENSIONS = YES;
				CLANG_ANALYZER_NONNULL = YES;
				CLANG_ANALYZER_NUMBER_OBJECT_CONVERSION = YES_AGGRESSIVE;
				CLANG_CXX_LANGUAGE_STANDARD = "gnu++20";
				CLANG_ENABLE_MODULES = YES;
				CLANG_ENABLE_OBJC_ARC = YES;
				CLANG_ENABLE_OBJC_WEAK = YES;
				CLANG_WARN_BLOCK_CAPTURE_AUTORELEASING = YES;
				CLANG_WARN_BOOL_CONVERSION = YES;
				CLANG_WARN_COMMA = YES;
				CLANG_WARN_CONSTANT_CONVERSION = YES;
				CLANG_WARN_DEPRECATED_OBJC_IMPLEMENTATIONS = YES;
				CLANG_WARN_DIRECT_OBJC_ISA_USAGE = YES_ERROR;
				CLANG_WARN_DOCUMENTATION_COMMENTS = YES;
				CLANG_WARN_EMPTY_BODY = YES;
				CLANG_WARN_ENUM_CONVERSION = YES;
				CLANG_WARN_INFINITE_RECURSION = YES;
				CLANG_WARN_INT_CONVERSION = YES;
				CLANG_WARN_NON_LITERAL_NULL_CONVERSION = YES;
				CLANG_WARN_OBJC_IMPLICIT_RETAIN_SELF = YES;
				CLANG_WARN_OBJC_LITERAL_CONVERSION = YES;
				CLANG_WARN_OBJC_ROOT_CLASS = YES_ERROR;
				CLANG_WARN_QUOTED_INCLUDE_IN_FRAMEWORK_HEADER = YES;
				CLANG_WARN_RANGE_LOOP_ANALYSIS = YES;
				CLANG_WARN_STRICT_PROTOTYPES = YES;
				CLANG_WARN_SUSPICIOUS_MOVE = YES;
				CLANG_WARN_UNGUARDED_AVAILABILITY = YES_AGGRESSIVE;
				CLANG_WARN_UNREACHABLE_CODE = YES;
				CLANG_WARN__DUPLICATE_METHOD_MATCH = YES;
				COPY_PHASE_STRIP = NO;
				DEBUG_INFORMATION_FORMAT = "dwarf-with-dsym";
				ENABLE_NS_ASSERTIONS = NO;
				ENABLE_STRICT_OBJC_MSGSEND = YES;
				ENABLE_USER_SCRIPT_SANDBOXING = YES;
				GCC_C_LANGUAGE_STANDARD = gnu17;
				GCC_NO_COMMON_BLOCKS = YES;
				GCC_WARN_64_TO_32_BIT_CONVERSION = YES;
				GCC_WARN_ABOUT_RETURN_TYPE = YES_ERROR;
				GCC_WARN_UNDECLARED_SELECTOR = YES;
				GCC_WARN_UNINITIALIZED_AUTOS = YES_AGGRESSIVE;
				GCC_WARN_UNUSED_FUNCTION = YES;
				GCC_WARN_UNUSED_VARIABLE = YES;
				IPHONEOS_DEPLOYMENT_TARGET = 18.0;
				LOCALIZATION_PREFERS_STRING_CATALOGS = YES;
				MTL_ENABLE_DEBUG_INFO = NO;
				MTL_FAST_MATH = YES;
				SDKROOT = iphoneos;
				SWIFT_COMPILATION_MODE = wholemodule;
				VALIDATE_PRODUCT = YES;
			};
			name = Release;
		};
		223AEFF72C701ECD0042DFCA /* Debug */ = {
			isa = XCBuildConfiguration;
			buildSettings = {
				ASSETCATALOG_COMPILER_APPICON_NAME = AppIcon;
				ASSETCATALOG_COMPILER_GLOBAL_ACCENT_COLOR_NAME = AccentColor;
				CODE_SIGN_STYLE = Automatic;
				CURRENT_PROJECT_VERSION = 1;
				DEVELOPMENT_ASSET_PATHS = "\"Meal DB/Preview Content\"";
				DEVELOPMENT_TEAM = LL5YWMJCMB;
				ENABLE_PREVIEWS = YES;
				GENERATE_INFOPLIST_FILE = YES;
				INFOPLIST_KEY_UIApplicationSceneManifest_Generation = YES;
				INFOPLIST_KEY_UIApplicationSupportsIndirectInputEvents = YES;
				INFOPLIST_KEY_UILaunchScreen_Generation = YES;
				INFOPLIST_KEY_UISupportedInterfaceOrientations = UIInterfaceOrientationPortrait;
				IPHONEOS_DEPLOYMENT_TARGET = 17.6;
				LD_RUNPATH_SEARCH_PATHS = (
					"$(inherited)",
					"@executable_path/Frameworks",
				);
				MARKETING_VERSION = 1.0;
				PRODUCT_BUNDLE_IDENTIFIER = "mp.Meal-DB";
				PRODUCT_NAME = "$(TARGET_NAME)";
				SWIFT_EMIT_LOC_STRINGS = YES;
				SWIFT_VERSION = 5.0;
				TARGETED_DEVICE_FAMILY = "1,2";
			};
			name = Debug;
		};
		223AEFF82C701ECD0042DFCA /* Release */ = {
			isa = XCBuildConfiguration;
			buildSettings = {
				ASSETCATALOG_COMPILER_APPICON_NAME = AppIcon;
				ASSETCATALOG_COMPILER_GLOBAL_ACCENT_COLOR_NAME = AccentColor;
				CODE_SIGN_STYLE = Automatic;
				CURRENT_PROJECT_VERSION = 1;
				DEVELOPMENT_ASSET_PATHS = "\"Meal DB/Preview Content\"";
				DEVELOPMENT_TEAM = LL5YWMJCMB;
				ENABLE_PREVIEWS = YES;
				GENERATE_INFOPLIST_FILE = YES;
				INFOPLIST_KEY_UIApplicationSceneManifest_Generation = YES;
				INFOPLIST_KEY_UIApplicationSupportsIndirectInputEvents = YES;
				INFOPLIST_KEY_UILaunchScreen_Generation = YES;
				INFOPLIST_KEY_UISupportedInterfaceOrientations = UIInterfaceOrientationPortrait;
				IPHONEOS_DEPLOYMENT_TARGET = 17.6;
				LD_RUNPATH_SEARCH_PATHS = (
					"$(inherited)",
					"@executable_path/Frameworks",
				);
				MARKETING_VERSION = 1.0;
				PRODUCT_BUNDLE_IDENTIFIER = "mp.Meal-DB";
				PRODUCT_NAME = "$(TARGET_NAME)";
				SWIFT_EMIT_LOC_STRINGS = YES;
				SWIFT_VERSION = 5.0;
				TARGETED_DEVICE_FAMILY = "1,2";
			};
			name = Release;
		};
		223AEFFA2C701ECD0042DFCA /* Debug */ = {
			isa = XCBuildConfiguration;
			buildSettings = {
				BUNDLE_LOADER = "$(TEST_HOST)";
				CODE_SIGN_STYLE = Automatic;
				CURRENT_PROJECT_VERSION = 1;
				DEVELOPMENT_TEAM = LL5YWMJCMB;
				GENERATE_INFOPLIST_FILE = YES;
				IPHONEOS_DEPLOYMENT_TARGET = 18.0;
				MARKETING_VERSION = 1.0;
				PRODUCT_BUNDLE_IDENTIFIER = "mp.Meal-DBTests";
				PRODUCT_NAME = "$(TARGET_NAME)";
				SWIFT_EMIT_LOC_STRINGS = NO;
				SWIFT_VERSION = 5.0;
				TARGETED_DEVICE_FAMILY = "1,2";
				TEST_HOST = "$(BUILT_PRODUCTS_DIR)/Meal DB.app/$(BUNDLE_EXECUTABLE_FOLDER_PATH)/Meal DB";
			};
			name = Debug;
		};
		223AEFFB2C701ECD0042DFCA /* Release */ = {
			isa = XCBuildConfiguration;
			buildSettings = {
				BUNDLE_LOADER = "$(TEST_HOST)";
				CODE_SIGN_STYLE = Automatic;
				CURRENT_PROJECT_VERSION = 1;
				DEVELOPMENT_TEAM = LL5YWMJCMB;
				GENERATE_INFOPLIST_FILE = YES;
				IPHONEOS_DEPLOYMENT_TARGET = 18.0;
				MARKETING_VERSION = 1.0;
				PRODUCT_BUNDLE_IDENTIFIER = "mp.Meal-DBTests";
				PRODUCT_NAME = "$(TARGET_NAME)";
				SWIFT_EMIT_LOC_STRINGS = NO;
				SWIFT_VERSION = 5.0;
				TARGETED_DEVICE_FAMILY = "1,2";
				TEST_HOST = "$(BUILT_PRODUCTS_DIR)/Meal DB.app/$(BUNDLE_EXECUTABLE_FOLDER_PATH)/Meal DB";
			};
			name = Release;
		};
		223AEFFD2C701ECD0042DFCA /* Debug */ = {
			isa = XCBuildConfiguration;
			buildSettings = {
				CODE_SIGN_STYLE = Automatic;
				CURRENT_PROJECT_VERSION = 1;
				DEVELOPMENT_TEAM = LL5YWMJCMB;
				GENERATE_INFOPLIST_FILE = YES;
				MARKETING_VERSION = 1.0;
				PRODUCT_BUNDLE_IDENTIFIER = "mp.Meal-DBUITests";
				PRODUCT_NAME = "$(TARGET_NAME)";
				SWIFT_EMIT_LOC_STRINGS = NO;
				SWIFT_VERSION = 5.0;
				TARGETED_DEVICE_FAMILY = "1,2";
				TEST_TARGET_NAME = "Meal DB";
			};
			name = Debug;
		};
		223AEFFE2C701ECD0042DFCA /* Release */ = {
			isa = XCBuildConfiguration;
			buildSettings = {
				CODE_SIGN_STYLE = Automatic;
				CURRENT_PROJECT_VERSION = 1;
				DEVELOPMENT_TEAM = LL5YWMJCMB;
				GENERATE_INFOPLIST_FILE = YES;
				MARKETING_VERSION = 1.0;
				PRODUCT_BUNDLE_IDENTIFIER = "mp.Meal-DBUITests";
				PRODUCT_NAME = "$(TARGET_NAME)";
				SWIFT_EMIT_LOC_STRINGS = NO;
				SWIFT_VERSION = 5.0;
				TARGETED_DEVICE_FAMILY = "1,2";
				TEST_TARGET_NAME = "Meal DB";
			};
			name = Release;
		};
/* End XCBuildConfiguration section */

/* Begin XCConfigurationList section */
		223AEFCD2C701ECB0042DFCA /* Build configuration list for PBXProject "Meal DB" */ = {
			isa = XCConfigurationList;
			buildConfigurations = (
				223AEFF42C701ECD0042DFCA /* Debug */,
				223AEFF52C701ECD0042DFCA /* Release */,
			);
			defaultConfigurationIsVisible = 0;
			defaultConfigurationName = Release;
		};
		223AEFF62C701ECD0042DFCA /* Build configuration list for PBXNativeTarget "Meal DB" */ = {
			isa = XCConfigurationList;
			buildConfigurations = (
				223AEFF72C701ECD0042DFCA /* Debug */,
				223AEFF82C701ECD0042DFCA /* Release */,
			);
			defaultConfigurationIsVisible = 0;
			defaultConfigurationName = Release;
		};
		223AEFF92C701ECD0042DFCA /* Build configuration list for PBXNativeTarget "Meal DBTests" */ = {
			isa = XCConfigurationList;
			buildConfigurations = (
				223AEFFA2C701ECD0042DFCA /* Debug */,
				223AEFFB2C701ECD0042DFCA /* Release */,
			);
			defaultConfigurationIsVisible = 0;
			defaultConfigurationName = Release;
		};
		223AEFFC2C701ECD0042DFCA /* Build configuration list for PBXNativeTarget "Meal DBUITests" */ = {
			isa = XCConfigurationList;
			buildConfigurations = (
				223AEFFD2C701ECD0042DFCA /* Debug */,
				223AEFFE2C701ECD0042DFCA /* Release */,
			);
			defaultConfigurationIsVisible = 0;
			defaultConfigurationName = Release;
		};
/* End XCConfigurationList section */
	};
	rootObject = 223AEFCA2C701ECB0042DFCA /* Project object */;
}
